schema: '2.0'
stages:
  data_collection:
    cmd: python src/data_collection.py
    deps:
    - path: src/data_collection.py
      hash: md5
      md5: 3ee4abd61462bb9bdba04669a8016acc
      size: 449
    outs:
    - path: data/raw
      hash: md5
      md5: 5a70785ae15b50beed1fa349547b177a.dir
      size: 525609
      nfiles: 2
  pre_prep:
    cmd: python src/data_prep.py
    deps:
    - path: data/raw
      hash: md5
      md5: c0c2d65c14a603e91e029fda3c344a5c.dir
      size: 522262
      nfiles: 2
    - path: src/data_prep.py
      hash: md5
      md5: e60c2c675cd2bb2716477f8195d0216c
      size: 800
    outs:
    - path: data/processed
      hash: md5
      md5: a172fdf7bf1c8375a7619512d4968cfc.dir
      size: 521886
      nfiles: 2
  data_preprocessing:
    cmd: python src/data_prep.py
    deps:
    - path: data/raw
      hash: md5
      md5: 5a70785ae15b50beed1fa349547b177a.dir
      size: 525609
      nfiles: 2
    - path: src/data_prep.py
      hash: md5
      md5: 4a31de143bbe192f0ee2d98f611c5a85
      size: 710
    outs:
    - path: data/processed
      hash: md5
      md5: cdd4c18ad8143d5a58bbf57129f9670f.dir
      size: 549591
      nfiles: 2
  model_building:
    cmd: python src/model_building.py
    deps:
    - path: data/processed
      hash: md5
      md5: cdd4c18ad8143d5a58bbf57129f9670f.dir
      size: 549591
      nfiles: 2
    - path: src/model_building.py
      hash: md5
      md5: 0822b92957708ecbfae1a94dcc8c5182
      size: 475
    outs:
    - path: model.pkl
      hash: md5
      md5: d37444e7d9d6a192b407b616185b21e2
      size: 7360744
  model_eval:
    cmd: python src/model_eval.py
    deps:
    - path: model.pkl
      hash: md5
      md5: d37444e7d9d6a192b407b616185b21e2
      size: 7360744
    - path: src/model_eval.py
      hash: md5
      md5: 343ce6196cb76f7a74409e850515496a
      size: 734
    outs:
    - path: metrics.json
      hash: md5
      md5: 43816efee53136157972f7f1b7c1dfe7
      size: 151
