schema: '2.0'
stages:
  data_collection:
    cmd: python src/data_collection.py
    deps:
    - path: src/data_collection.py
      hash: md5
      md5: 597b5ff362e8153d5b7ea0452c008daa
      size: 501
    outs:
    - path: data/raw
      hash: md5
      md5: c0c2d65c14a603e91e029fda3c344a5c.dir
      size: 522262
      nfiles: 2
  pre_prep:
    cmd: python src/data_prep.py
    deps:
    - path: data/raw
      hash: md5
      md5: c0c2d65c14a603e91e029fda3c344a5c.dir
      size: 522262
      nfiles: 2
    - path: src/data_prep.py
      hash: md5
      md5: e60c2c675cd2bb2716477f8195d0216c
      size: 800
    outs:
    - path: data/processed
      hash: md5
      md5: a172fdf7bf1c8375a7619512d4968cfc.dir
      size: 521886
      nfiles: 2
  data_preprocessing:
    cmd: python src/data_prep.py
    deps:
    - path: data/raw
      hash: md5
      md5: c0c2d65c14a603e91e029fda3c344a5c.dir
      size: 522262
      nfiles: 2
    - path: src/data_prep.py
      hash: md5
      md5: 752e9dd19a21323aed62f9c1645fe2a6
      size: 814
    outs:
    - path: data/processed
      hash: md5
      md5: 09d7d1468d5c1e6739769af7e3154438.dir
      size: 546137
      nfiles: 2
  model_building:
    cmd: python src/model_building.py
    deps:
    - path: data/processed
      hash: md5
      md5: 09d7d1468d5c1e6739769af7e3154438.dir
      size: 546137
      nfiles: 2
    - path: src/model_building.py
      hash: md5
      md5: a99f08e08e7c1e0a40e3dab4e0c648e0
      size: 527
    outs:
    - path: model.pkl
      hash: md5
      md5: 4664a4324e1dad1bcc04ba82291875ef
      size: 7369092
  model_eval:
    cmd: python src/model_eval.py
    deps:
    - path: model.pkl
      hash: md5
      md5: 4664a4324e1dad1bcc04ba82291875ef
      size: 7369092
    - path: src/model_eval.py
      hash: md5
      md5: 782187cce263591e7cf319fa082066eb
      size: 786
    outs:
    - path: metrics.json
      hash: md5
      md5: 7929e93d25d783dc0ab2e572f2479646
      size: 137
