schema: '2.0'
stages:
  data_collection:
    cmd: python src/data_collection.py
    deps:
    - path: src/data_collection.py
      hash: md5
      md5: 0f03f8bef304b1722b440aba76e8e075
      size: 2078
    params:
      params.yaml:
        data_collection.test_size: 0.3
    outs:
    - path: data/raw
      hash: md5
      md5: aaa6ecbf706deb47c265e6a2946c5bd9.dir
      size: 525609
      nfiles: 2
  pre_prep:
    cmd: python src/data_prep.py
    deps:
    - path: data/raw
      hash: md5
      md5: c0c2d65c14a603e91e029fda3c344a5c.dir
      size: 522262
      nfiles: 2
    - path: src/data_prep.py
      hash: md5
      md5: e60c2c675cd2bb2716477f8195d0216c
      size: 800
    outs:
    - path: data/processed
      hash: md5
      md5: a172fdf7bf1c8375a7619512d4968cfc.dir
      size: 521886
      nfiles: 2
  data_preprocessing:
    cmd: python src/data_prep.py
    deps:
    - path: data/raw
      hash: md5
      md5: aaa6ecbf706deb47c265e6a2946c5bd9.dir
      size: 525609
      nfiles: 2
    - path: src/data_prep.py
      hash: md5
      md5: 14d4829dfbdf369d281e595cf98681ef
      size: 1850
    outs:
    - path: data/processed
      hash: md5
      md5: 72331fb23e94f4fa3e9e56d9ea48f790.dir
      size: 549012
      nfiles: 2
  model_building:
    cmd: python src/model_building.py
    deps:
    - path: data/processed
      hash: md5
      md5: 72331fb23e94f4fa3e9e56d9ea48f790.dir
      size: 549012
      nfiles: 2
    - path: src/model_building.py
      hash: md5
      md5: fcaaa8332bdb4233546d8872bc7a4928
      size: 2419
    outs:
    - path: model.pkl
      hash: md5
      md5: 3f4ab048c914cf0c04a1a82d512e946e
      size: 19523562
  model_eval:
    cmd: python src/model_eval.py
    deps:
    - path: model.pkl
      hash: md5
      md5: 3f4ab048c914cf0c04a1a82d512e946e
      size: 19523562
    - path: src/model_eval.py
      hash: md5
      md5: 4b63845fb7a256bf3ffc520309b28bc7
      size: 2472
    outs:
    - path: metrics.json
      hash: md5
      md5: 2e04f8a37a59deb9a4cf7a8070d1fc29
      size: 146
